
Microsoft Visual Studio Solution File, Format Version 12.00
# Visual Studio Version 16
VisualStudioVersion = 16.0.29102.190
MinimumVisualStudioVersion = 10.0.40219.1
Project("{FAE04EC0-301F-11D3-BF4B-00C04F79EFBC}") = "ReferralSystem.Android", "ReferralSystem.Android\ReferralSystem.Android.csproj", "{967C9CA5-3054-4429-8DD2-3577E1B0452A}"
EndProject
Project("{FAE04EC0-301F-11D3-BF4B-00C04F79EFBC}") = "ReferralSystem.iOS", "ReferralSystem.iOS\ReferralSystem.iOS.csproj", "{54F9E783-1C5A-4546-8B41-EA7FD5F3BF0C}"
EndProject
Project("{FAE04EC0-301F-11D3-BF4B-00C04F79EFBC}") = "ReferralSystem.MobileAppService", "ReferralSystem.MobileAppService\ReferralSystem.MobileAppService.csproj", "{E31FED87-E20B-4677-B149-F2F89F504171}"
EndProject
Project("{FAE04EC0-301F-11D3-BF4B-00C04F79EFBC}") = "ReferralSystem", "ReferralSystem\ReferralSystem.csproj", "{8C6B850A-82A4-42D4-9E07-318B7BAE3E3C}"
EndProject
Global
	GlobalSection(SolutionConfigurationPlatforms) = preSolution
		Debug|Any CPU = Debug|Any CPU
		Debug|iPhone = Debug|iPhone
		Debug|iPhoneSimulator = Debug|iPhoneSimulator
		Release|Any CPU = Release|Any CPU
		Release|iPhone = Release|iPhone
		Release|iPhoneSimulator = Release|iPhoneSimulator
	EndGlobalSection
	GlobalSection(ProjectConfigurationPlatforms) = postSolution
		{967C9CA5-3054-4429-8DD2-3577E1B0452A}.Debug|Any CPU.ActiveCfg = Debug|Any CPU
		{967C9CA5-3054-4429-8DD2-3577E1B0452A}.Debug|Any CPU.Build.0 = Debug|Any CPU
		{967C9CA5-3054-4429-8DD2-3577E1B0452A}.Debug|Any CPU.Deploy.0 = Debug|Any CPU
		{967C9CA5-3054-4429-8DD2-3577E1B0452A}.Debug|iPhone.ActiveCfg = Debug|Any CPU
		{967C9CA5-3054-4429-8DD2-3577E1B0452A}.Debug|iPhone.Build.0 = Debug|Any CPU
		{967C9CA5-3054-4429-8DD2-3577E1B0452A}.Debug|iPhone.Deploy.0 = Debug|Any CPU
		{967C9CA5-3054-4429-8DD2-3577E1B0452A}.Debug|iPhoneSimulator.ActiveCfg = Debug|Any CPU
		{967C9CA5-3054-4429-8DD2-3577E1B0452A}.Debug|iPhoneSimulator.Build.0 = Debug|Any CPU
		{967C9CA5-3054-4429-8DD2-3577E1B0452A}.Debug|iPhoneSimulator.Deploy.0 = Debug|Any CPU
		{967C9CA5-3054-4429-8DD2-3577E1B0452A}.Release|Any CPU.ActiveCfg = Release|Any CPU
		{967C9CA5-3054-4429-8DD2-3577E1B0452A}.Release|Any CPU.Build.0 = Release|Any CPU
		{967C9CA5-3054-4429-8DD2-3577E1B0452A}.Release|Any CPU.Deploy.0 = Release|Any CPU
		{967C9CA5-3054-4429-8DD2-3577E1B0452A}.Release|iPhone.ActiveCfg = Release|Any CPU
		{967C9CA5-3054-4429-8DD2-3577E1B0452A}.Release|iPhone.Build.0 = Release|Any CPU
		{967C9CA5-3054-4429-8DD2-3577E1B0452A}.Release|iPhone.Deploy.0 = Release|Any CPU
		{967C9CA5-3054-4429-8DD2-3577E1B0452A}.Release|iPhoneSimulator.ActiveCfg = Release|Any CPU
		{967C9CA5-3054-4429-8DD2-3577E1B0452A}.Release|iPhoneSimulator.Build.0 = Release|Any CPU
		{967C9CA5-3054-4429-8DD2-3577E1B0452A}.Release|iPhoneSimulator.Deploy.0 = Release|Any CPU
		{54F9E783-1C5A-4546-8B41-EA7FD5F3BF0C}.Debug|Any CPU.ActiveCfg = Debug|iPhoneSimulator
		{54F9E783-1C5A-4546-8B41-EA7FD5F3BF0C}.Debug|Any CPU.Build.0 = Debug|iPhoneSimulator
		{54F9E783-1C5A-4546-8B41-EA7FD5F3BF0C}.Debug|Any CPU.Deploy.0 = Debug|iPhoneSimulator
		{54F9E783-1C5A-4546-8B41-EA7FD5F3BF0C}.Debug|iPhone.ActiveCfg = Debug|iPhone
		{54F9E783-1C5A-4546-8B41-EA7FD5F3BF0C}.Debug|iPhone.Build.0 = Debug|iPhone
		{54F9E783-1C5A-4546-8B41-EA7FD5F3BF0C}.Debug|iPhone.Deploy.0 = Debug|iPhone
		{54F9E783-1C5A-4546-8B41-EA7FD5F3BF0C}.Debug|iPhoneSimulator.ActiveCfg = Debug|iPhoneSimulator
		{54F9E783-1C5A-4546-8B41-EA7FD5F3BF0C}.Debug|iPhoneSimulator.Build.0 = Debug|iPhoneSimulator
		{54F9E783-1C5A-4546-8B41-EA7FD5F3BF0C}.Debug|iPhoneSimulator.Deploy.0 = Debug|iPhoneSimulator
		{54F9E783-1C5A-4546-8B41-EA7FD5F3BF0C}.Release|Any CPU.ActiveCfg = Release|iPhone
		{54F9E783-1C5A-4546-8B41-EA7FD5F3BF0C}.Release|Any CPU.Build.0 = Release|iPhone
		{54F9E783-1C5A-4546-8B41-EA7FD5F3BF0C}.Release|Any CPU.Deploy.0 = Release|iPhone
		{54F9E783-1C5A-4546-8B41-EA7FD5F3BF0C}.Release|iPhone.ActiveCfg = Release|iPhone
		{54F9E783-1C5A-4546-8B41-EA7FD5F3BF0C}.Release|iPhone.Build.0 = Release|iPhone
		{54F9E783-1C5A-4546-8B41-EA7FD5F3BF0C}.Release|iPhone.Deploy.0 = Release|iPhone
		{54F9E783-1C5A-4546-8B41-EA7FD5F3BF0C}.Release|iPhoneSimulator.ActiveCfg = Release|iPhoneSimulator
		{54F9E783-1C5A-4546-8B41-EA7FD5F3BF0C}.Release|iPhoneSimulator.Build.0 = Release|iPhoneSimulator
		{54F9E783-1C5A-4546-8B41-EA7FD5F3BF0C}.Release|iPhoneSimulator.Deploy.0 = Release|iPhoneSimulator
		{E31FED87-E20B-4677-B149-F2F89F504171}.Debug|Any CPU.ActiveCfg = Debug|Any CPU
		{E31FED87-E20B-4677-B149-F2F89F504171}.Debug|Any CPU.Build.0 = Debug|Any CPU
		{E31FED87-E20B-4677-B149-F2F89F504171}.Debug|Any CPU.Deploy.0 = Debug|Any CPU
		{E31FED87-E20B-4677-B149-F2F89F504171}.Debug|iPhone.ActiveCfg = Debug|Any CPU
		{E31FED87-E20B-4677-B149-F2F89F504171}.Debug|iPhone.Build.0 = Debug|Any CPU
		{E31FED87-E20B-4677-B149-F2F89F504171}.Debug|iPhone.Deploy.0 = Debug|Any CPU
		{E31FED87-E20B-4677-B149-F2F89F504171}.Debug|iPhoneSimulator.ActiveCfg = Debug|Any CPU
		{E31FED87-E20B-4677-B149-F2F89F504171}.Debug|iPhoneSimulator.Build.0 = Debug|Any CPU
		{E31FED87-E20B-4677-B149-F2F89F504171}.Debug|iPhoneSimulator.Deploy.0 = Debug|Any CPU
		{E31FED87-E20B-4677-B149-F2F89F504171}.Release|Any CPU.ActiveCfg = Release|Any CPU
		{E31FED87-E20B-4677-B149-F2F89F504171}.Release|Any CPU.Build.0 = Release|Any CPU
		{E31FED87-E20B-4677-B149-F2F89F504171}.Release|Any CPU.Deploy.0 = Release|Any CPU
		{E31FED87-E20B-4677-B149-F2F89F504171}.Release|iPhone.ActiveCfg = Release|Any CPU
		{E31FED87-E20B-4677-B149-F2F89F504171}.Release|iPhone.Build.0 = Release|Any CPU
		{E31FED87-E20B-4677-B149-F2F89F504171}.Release|iPhone.Deploy.0 = Release|Any CPU
		{E31FED87-E20B-4677-B149-F2F89F504171}.Release|iPhoneSimulator.ActiveCfg = Release|Any CPU
		{E31FED87-E20B-4677-B149-F2F89F504171}.Release|iPhoneSimulator.Build.0 = Release|Any CPU
		{E31FED87-E20B-4677-B149-F2F89F504171}.Release|iPhoneSimulator.Deploy.0 = Release|Any CPU
		{8C6B850A-82A4-42D4-9E07-318B7BAE3E3C}.Debug|Any CPU.ActiveCfg = Debug|Any CPU
		{8C6B850A-82A4-42D4-9E07-318B7BAE3E3C}.Debug|Any CPU.Build.0 = Debug|Any CPU
		{8C6B850A-82A4-42D4-9E07-318B7BAE3E3C}.Debug|Any CPU.Deploy.0 = Debug|Any CPU
		{8C6B850A-82A4-42D4-9E07-318B7BAE3E3C}.Debug|iPhone.ActiveCfg = Debug|Any CPU
		{8C6B850A-82A4-42D4-9E07-318B7BAE3E3C}.Debug|iPhone.Build.0 = Debug|Any CPU
		{8C6B850A-82A4-42D4-9E07-318B7BAE3E3C}.Debug|iPhone.Deploy.0 = Debug|Any CPU
		{8C6B850A-82A4-42D4-9E07-318B7BAE3E3C}.Debug|iPhoneSimulator.ActiveCfg = Debug|Any CPU
		{8C6B850A-82A4-42D4-9E07-318B7BAE3E3C}.Debug|iPhoneSimulator.Build.0 = Debug|Any CPU
		{8C6B850A-82A4-42D4-9E07-318B7BAE3E3C}.Debug|iPhoneSimulator.Deploy.0 = Debug|Any CPU
		{8C6B850A-82A4-42D4-9E07-318B7BAE3E3C}.Release|Any CPU.ActiveCfg = Release|Any CPU
		{8C6B850A-82A4-42D4-9E07-318B7BAE3E3C}.Release|Any CPU.Build.0 = Release|Any CPU
		{8C6B850A-82A4-42D4-9E07-318B7BAE3E3C}.Release|Any CPU.Deploy.0 = Release|Any CPU
		{8C6B850A-82A4-42D4-9E07-318B7BAE3E3C}.Release|iPhone.ActiveCfg = Release|Any CPU
		{8C6B850A-82A4-42D4-9E07-318B7BAE3E3C}.Release|iPhone.Build.0 = Release|Any CPU
		{8C6B850A-82A4-42D4-9E07-318B7BAE3E3C}.Release|iPhone.Deploy.0 = Release|Any CPU
		{8C6B850A-82A4-42D4-9E07-318B7BAE3E3C}.Release|iPhoneSimulator.ActiveCfg = Release|Any CPU
		{8C6B850A-82A4-42D4-9E07-318B7BAE3E3C}.Release|iPhoneSimulator.Build.0 = Release|Any CPU
		{8C6B850A-82A4-42D4-9E07-318B7BAE3E3C}.Release|iPhoneSimulator.Deploy.0 = Release|Any CPU
	EndGlobalSection
	GlobalSection(SolutionProperties) = preSolution
		HideSolutionNode = FALSE
	EndGlobalSection
	GlobalSection(ExtensibilityGlobals) = postSolution
		SolutionGuid = {88140752-5F94-4B7C-99F0-5A8FD4538955}
	EndGlobalSection
EndGlobal
